
Microsoft Visual Studio Solution File, Format Version 11.00
# Visual Studio 2010
Project("{FAE04EC0-301F-11D3-BF4B-00C04F79EFBC}") = "Assembly-CSharp-Editor", "Assembly-CSharp-Editor.csproj", "{3AE157A5-4C11-304B-202A-5854582A0E28}"
EndProject
Project("{FAE04EC0-301F-11D3-BF4B-00C04F79EFBC}") = "Assembly-CSharp-Editor-firstpass", "Assembly-CSharp-Editor-firstpass.csproj", "{872AF87F-A3F4-F4FC-B07A-C9661CC3CE60}"
EndProject
Global
	GlobalSection(SolutionConfigurationPlatforms) = preSolution
		Debug|Any CPU = Debug|Any CPU
		Release|Any CPU = Release|Any CPU
	EndGlobalSection
	GlobalSection(ProjectConfigurationPlatforms) = postSolution
		{3AE157A5-4C11-304B-202A-5854582A0E28}.Debug|Any CPU.ActiveCfg = Debug|Any CPU
		{3AE157A5-4C11-304B-202A-5854582A0E28}.Debug|Any CPU.Build.0 = Debug|Any CPU
		{3AE157A5-4C11-304B-202A-5854582A0E28}.Release|Any CPU.ActiveCfg = Release|Any CPU
		{3AE157A5-4C11-304B-202A-5854582A0E28}.Release|Any CPU.Build.0 = Release|Any CPU
		{872AF87F-A3F4-F4FC-B07A-C9661CC3CE60}.Debug|Any CPU.ActiveCfg = Debug|Any CPU
		{872AF87F-A3F4-F4FC-B07A-C9661CC3CE60}.Debug|Any CPU.Build.0 = Debug|Any CPU
		{872AF87F-A3F4-F4FC-B07A-C9661CC3CE60}.Release|Any CPU.ActiveCfg = Release|Any CPU
		{872AF87F-A3F4-F4FC-B07A-C9661CC3CE60}.Release|Any CPU.Build.0 = Release|Any CPU
	EndGlobalSection
	GlobalSection(SolutionProperties) = preSolution
		HideSolutionNode = FALSE
	EndGlobalSection
	GlobalSection(MonoDevelopProperties) = preSolution
		StartupItem = Assembly-CSharp.csproj
	EndGlobalSection
EndGlobal
